
Microsoft Visual Studio Solution File, Format Version 12.00
# Visual Studio Version 17
VisualStudioVersion = 17.14.36414.22 d17.14
MinimumVisualStudioVersion = 10.0.40219.1
Project("{FAE04EC0-301F-11D3-BF4B-00C04F79EFBC}") = "Store Student's Marks", "Store Student's Marks.csproj", "{C7F664C8-2091-4C27-9AC7-0FBC5D32CDC2}"
EndProject
Global
	GlobalSection(SolutionConfigurationPlatforms) = preSolution
		Debug|Any CPU = Debug|Any CPU
		Release|Any CPU = Release|Any CPU
	EndGlobalSection
	GlobalSection(ProjectConfigurationPlatforms) = postSolution
		{C7F664C8-2091-4C27-9AC7-0FBC5D32CDC2}.Debug|Any CPU.ActiveCfg = Debug|Any CPU
		{C7F664C8-2091-4C27-9AC7-0FBC5D32CDC2}.Debug|Any CPU.Build.0 = Debug|Any CPU
		{C7F664C8-2091-4C27-9AC7-0FBC5D32CDC2}.Release|Any CPU.ActiveCfg = Release|Any CPU
		{C7F664C8-2091-4C27-9AC7-0FBC5D32CDC2}.Release|Any CPU.Build.0 = Release|Any CPU
	EndGlobalSection
	GlobalSection(SolutionProperties) = preSolution
		HideSolutionNode = FALSE
	EndGlobalSection
	GlobalSection(ExtensibilityGlobals) = postSolution
		SolutionGuid = {9FFE5AF9-9AA1-4678-BC61-B2F6409E757B}
	EndGlobalSection
EndGlobal
