
Microsoft Visual Studio Solution File, Format Version 12.00
# Visual Studio Version 17
VisualStudioVersion = 17.14.36414.22 d17.14
MinimumVisualStudioVersion = 10.0.40219.1
Project("{FAE04EC0-301F-11D3-BF4B-00C04F79EFBC}") = "SentenceIsPangram", "SentenceIsPangram.csproj", "{0DAC86D2-DD76-433F-A9F3-B0BB49DFDCD6}"
EndProject
Global
	GlobalSection(SolutionConfigurationPlatforms) = preSolution
		Debug|Any CPU = Debug|Any CPU
		Release|Any CPU = Release|Any CPU
	EndGlobalSection
	GlobalSection(ProjectConfigurationPlatforms) = postSolution
		{0DAC86D2-DD76-433F-A9F3-B0BB49DFDCD6}.Debug|Any CPU.ActiveCfg = Debug|Any CPU
		{0DAC86D2-DD76-433F-A9F3-B0BB49DFDCD6}.Debug|Any CPU.Build.0 = Debug|Any CPU
		{0DAC86D2-DD76-433F-A9F3-B0BB49DFDCD6}.Release|Any CPU.ActiveCfg = Release|Any CPU
		{0DAC86D2-DD76-433F-A9F3-B0BB49DFDCD6}.Release|Any CPU.Build.0 = Release|Any CPU
	EndGlobalSection
	GlobalSection(SolutionProperties) = preSolution
		HideSolutionNode = FALSE
	EndGlobalSection
	GlobalSection(ExtensibilityGlobals) = postSolution
		SolutionGuid = {CD949F63-73F8-471C-9BF0-F07CEDA6D7AA}
	EndGlobalSection
EndGlobal
