
Microsoft Visual Studio Solution File, Format Version 12.00
# Visual Studio Version 17
VisualStudioVersion = 17.14.36414.22 d17.14
MinimumVisualStudioVersion = 10.0.40219.1
Project("{FAE04EC0-301F-11D3-BF4B-00C04F79EFBC}") = "Find Missing Numbers", "Find Missing Numbers.csproj", "{B1AF9D80-3CB1-4CA0-9533-326D21C50226}"
EndProject
Global
	GlobalSection(SolutionConfigurationPlatforms) = preSolution
		Debug|Any CPU = Debug|Any CPU
		Release|Any CPU = Release|Any CPU
	EndGlobalSection
	GlobalSection(ProjectConfigurationPlatforms) = postSolution
		{B1AF9D80-3CB1-4CA0-9533-326D21C50226}.Debug|Any CPU.ActiveCfg = Debug|Any CPU
		{B1AF9D80-3CB1-4CA0-9533-326D21C50226}.Debug|Any CPU.Build.0 = Debug|Any CPU
		{B1AF9D80-3CB1-4CA0-9533-326D21C50226}.Release|Any CPU.ActiveCfg = Release|Any CPU
		{B1AF9D80-3CB1-4CA0-9533-326D21C50226}.Release|Any CPU.Build.0 = Release|Any CPU
	EndGlobalSection
	GlobalSection(SolutionProperties) = preSolution
		HideSolutionNode = FALSE
	EndGlobalSection
	GlobalSection(ExtensibilityGlobals) = postSolution
		SolutionGuid = {D5A24D6C-E00C-4059-A30E-1D1936AD92A5}
	EndGlobalSection
EndGlobal
