
Microsoft Visual Studio Solution File, Format Version 12.00
# Visual Studio Version 17
VisualStudioVersion = 17.14.36414.22 d17.14
MinimumVisualStudioVersion = 10.0.40219.1
Project("{FAE04EC0-301F-11D3-BF4B-00C04F79EFBC}") = "Manage Reserved Seats", "Manage Reserved Seats.csproj", "{822B6248-79ED-4933-9DA7-C1F860B6245E}"
EndProject
Global
	GlobalSection(SolutionConfigurationPlatforms) = preSolution
		Debug|Any CPU = Debug|Any CPU
		Release|Any CPU = Release|Any CPU
	EndGlobalSection
	GlobalSection(ProjectConfigurationPlatforms) = postSolution
		{822B6248-79ED-4933-9DA7-C1F860B6245E}.Debug|Any CPU.ActiveCfg = Debug|Any CPU
		{822B6248-79ED-4933-9DA7-C1F860B6245E}.Debug|Any CPU.Build.0 = Debug|Any CPU
		{822B6248-79ED-4933-9DA7-C1F860B6245E}.Release|Any CPU.ActiveCfg = Release|Any CPU
		{822B6248-79ED-4933-9DA7-C1F860B6245E}.Release|Any CPU.Build.0 = Release|Any CPU
	EndGlobalSection
	GlobalSection(SolutionProperties) = preSolution
		HideSolutionNode = FALSE
	EndGlobalSection
	GlobalSection(ExtensibilityGlobals) = postSolution
		SolutionGuid = {5050BCE0-A4A3-4519-A0B4-CF7F47A25F99}
	EndGlobalSection
EndGlobal
