
Microsoft Visual Studio Solution File, Format Version 12.00
# Visual Studio Version 17
VisualStudioVersion = 17.14.36414.22 d17.14
MinimumVisualStudioVersion = 10.0.40219.1
Project("{FAE04EC0-301F-11D3-BF4B-00C04F79EFBC}") = "Maximum Deapth Binary Tree", "Maximum Deapth Binary Tree.csproj", "{088F5AEC-163C-4BA3-91FD-39DFA4A4EFD3}"
EndProject
Global
	GlobalSection(SolutionConfigurationPlatforms) = preSolution
		Debug|Any CPU = Debug|Any CPU
		Release|Any CPU = Release|Any CPU
	EndGlobalSection
	GlobalSection(ProjectConfigurationPlatforms) = postSolution
		{088F5AEC-163C-4BA3-91FD-39DFA4A4EFD3}.Debug|Any CPU.ActiveCfg = Debug|Any CPU
		{088F5AEC-163C-4BA3-91FD-39DFA4A4EFD3}.Debug|Any CPU.Build.0 = Debug|Any CPU
		{088F5AEC-163C-4BA3-91FD-39DFA4A4EFD3}.Release|Any CPU.ActiveCfg = Release|Any CPU
		{088F5AEC-163C-4BA3-91FD-39DFA4A4EFD3}.Release|Any CPU.Build.0 = Release|Any CPU
	EndGlobalSection
	GlobalSection(SolutionProperties) = preSolution
		HideSolutionNode = FALSE
	EndGlobalSection
	GlobalSection(ExtensibilityGlobals) = postSolution
		SolutionGuid = {62A33853-AFA9-44DB-882C-4446CEE3BAC8}
	EndGlobalSection
EndGlobal
