
Microsoft Visual Studio Solution File, Format Version 12.00
# Visual Studio Version 17
VisualStudioVersion = 17.14.36414.22 d17.14
MinimumVisualStudioVersion = 10.0.40219.1
Project("{FAE04EC0-301F-11D3-BF4B-00C04F79EFBC}") = "Palindrome Queue", "Palindrome Queue.csproj", "{9FB71CAA-C8BF-482E-9512-9FCE78CB5872}"
EndProject
Global
	GlobalSection(SolutionConfigurationPlatforms) = preSolution
		Debug|Any CPU = Debug|Any CPU
		Release|Any CPU = Release|Any CPU
	EndGlobalSection
	GlobalSection(ProjectConfigurationPlatforms) = postSolution
		{9FB71CAA-C8BF-482E-9512-9FCE78CB5872}.Debug|Any CPU.ActiveCfg = Debug|Any CPU
		{9FB71CAA-C8BF-482E-9512-9FCE78CB5872}.Debug|Any CPU.Build.0 = Debug|Any CPU
		{9FB71CAA-C8BF-482E-9512-9FCE78CB5872}.Release|Any CPU.ActiveCfg = Release|Any CPU
		{9FB71CAA-C8BF-482E-9512-9FCE78CB5872}.Release|Any CPU.Build.0 = Release|Any CPU
	EndGlobalSection
	GlobalSection(SolutionProperties) = preSolution
		HideSolutionNode = FALSE
	EndGlobalSection
	GlobalSection(ExtensibilityGlobals) = postSolution
		SolutionGuid = {D3E372CA-78C1-482F-B2BE-2E9B7B7C795A}
	EndGlobalSection
EndGlobal
