
Microsoft Visual Studio Solution File, Format Version 12.00
# Visual Studio Version 17
VisualStudioVersion = 17.14.36414.22 d17.14
MinimumVisualStudioVersion = 10.0.40219.1
Project("{FAE04EC0-301F-11D3-BF4B-00C04F79EFBC}") = "Schedule Tasks", "Schedule Tasks.csproj", "{BE58A666-0147-4F4F-8E62-E4B22544E562}"
EndProject
Global
	GlobalSection(SolutionConfigurationPlatforms) = preSolution
		Debug|Any CPU = Debug|Any CPU
		Release|Any CPU = Release|Any CPU
	EndGlobalSection
	GlobalSection(ProjectConfigurationPlatforms) = postSolution
		{BE58A666-0147-4F4F-8E62-E4B22544E562}.Debug|Any CPU.ActiveCfg = Debug|Any CPU
		{BE58A666-0147-4F4F-8E62-E4B22544E562}.Debug|Any CPU.Build.0 = Debug|Any CPU
		{BE58A666-0147-4F4F-8E62-E4B22544E562}.Release|Any CPU.ActiveCfg = Release|Any CPU
		{BE58A666-0147-4F4F-8E62-E4B22544E562}.Release|Any CPU.Build.0 = Release|Any CPU
	EndGlobalSection
	GlobalSection(SolutionProperties) = preSolution
		HideSolutionNode = FALSE
	EndGlobalSection
	GlobalSection(ExtensibilityGlobals) = postSolution
		SolutionGuid = {75858CF6-3B31-4693-9D52-886BCDF590FD}
	EndGlobalSection
EndGlobal
