
Microsoft Visual Studio Solution File, Format Version 12.00
# Visual Studio Version 17
VisualStudioVersion = 17.14.36414.22 d17.14
MinimumVisualStudioVersion = 10.0.40219.1
Project("{FAE04EC0-301F-11D3-BF4B-00C04F79EFBC}") = "Shopping Card", "Shopping Card.csproj", "{6686BE00-CD92-407C-B740-EFE897E7B023}"
EndProject
Global
	GlobalSection(SolutionConfigurationPlatforms) = preSolution
		Debug|Any CPU = Debug|Any CPU
		Release|Any CPU = Release|Any CPU
	EndGlobalSection
	GlobalSection(ProjectConfigurationPlatforms) = postSolution
		{6686BE00-CD92-407C-B740-EFE897E7B023}.Debug|Any CPU.ActiveCfg = Debug|Any CPU
		{6686BE00-CD92-407C-B740-EFE897E7B023}.Debug|Any CPU.Build.0 = Debug|Any CPU
		{6686BE00-CD92-407C-B740-EFE897E7B023}.Release|Any CPU.ActiveCfg = Release|Any CPU
		{6686BE00-CD92-407C-B740-EFE897E7B023}.Release|Any CPU.Build.0 = Release|Any CPU
	EndGlobalSection
	GlobalSection(SolutionProperties) = preSolution
		HideSolutionNode = FALSE
	EndGlobalSection
	GlobalSection(ExtensibilityGlobals) = postSolution
		SolutionGuid = {0CAFBE4F-1A4E-4CB7-8E20-F5B433833AEF}
	EndGlobalSection
EndGlobal
