
Microsoft Visual Studio Solution File, Format Version 12.00
# Visual Studio Version 17
VisualStudioVersion = 17.14.36414.22 d17.14
MinimumVisualStudioVersion = 10.0.40219.1
Project("{8BC9CEB8-8B4A-11D0-8D11-00A0C91BC942}") = "Halloumi Boxes", "Halloumi Boxes.vcxproj", "{3CC953C7-B99D-4288-AD7B-B7C03EFB260D}"
EndProject
Global
	GlobalSection(SolutionConfigurationPlatforms) = preSolution
		Debug|x64 = Debug|x64
		Debug|x86 = Debug|x86
		Release|x64 = Release|x64
		Release|x86 = Release|x86
	EndGlobalSection
	GlobalSection(ProjectConfigurationPlatforms) = postSolution
		{3CC953C7-B99D-4288-AD7B-B7C03EFB260D}.Debug|x64.ActiveCfg = Debug|x64
		{3CC953C7-B99D-4288-AD7B-B7C03EFB260D}.Debug|x64.Build.0 = Debug|x64
		{3CC953C7-B99D-4288-AD7B-B7C03EFB260D}.Debug|x86.ActiveCfg = Debug|Win32
		{3CC953C7-B99D-4288-AD7B-B7C03EFB260D}.Debug|x86.Build.0 = Debug|Win32
		{3CC953C7-B99D-4288-AD7B-B7C03EFB260D}.Release|x64.ActiveCfg = Release|x64
		{3CC953C7-B99D-4288-AD7B-B7C03EFB260D}.Release|x64.Build.0 = Release|x64
		{3CC953C7-B99D-4288-AD7B-B7C03EFB260D}.Release|x86.ActiveCfg = Release|Win32
		{3CC953C7-B99D-4288-AD7B-B7C03EFB260D}.Release|x86.Build.0 = Release|Win32
	EndGlobalSection
	GlobalSection(SolutionProperties) = preSolution
		HideSolutionNode = FALSE
	EndGlobalSection
	GlobalSection(ExtensibilityGlobals) = postSolution
		SolutionGuid = {41607323-3606-4F7A-ADCE-D7475E19A4D8}
	EndGlobalSection
EndGlobal
