
Microsoft Visual Studio Solution File, Format Version 12.00
# Visual Studio Version 17
VisualStudioVersion = 17.14.36414.22 d17.14
MinimumVisualStudioVersion = 10.0.40219.1
Project("{FAE04EC0-301F-11D3-BF4B-00C04F79EFBC}") = "Store Sales Data by Quarter", "Store Sales Data by Quarter.csproj", "{6A6A7B40-23E7-4268-BB85-72CBF697ED39}"
EndProject
Global
	GlobalSection(SolutionConfigurationPlatforms) = preSolution
		Debug|Any CPU = Debug|Any CPU
		Release|Any CPU = Release|Any CPU
	EndGlobalSection
	GlobalSection(ProjectConfigurationPlatforms) = postSolution
		{6A6A7B40-23E7-4268-BB85-72CBF697ED39}.Debug|Any CPU.ActiveCfg = Debug|Any CPU
		{6A6A7B40-23E7-4268-BB85-72CBF697ED39}.Debug|Any CPU.Build.0 = Debug|Any CPU
		{6A6A7B40-23E7-4268-BB85-72CBF697ED39}.Release|Any CPU.ActiveCfg = Release|Any CPU
		{6A6A7B40-23E7-4268-BB85-72CBF697ED39}.Release|Any CPU.Build.0 = Release|Any CPU
	EndGlobalSection
	GlobalSection(SolutionProperties) = preSolution
		HideSolutionNode = FALSE
	EndGlobalSection
	GlobalSection(ExtensibilityGlobals) = postSolution
		SolutionGuid = {C803A391-BD30-42A7-BDC2-B2DF0E939A1F}
	EndGlobalSection
EndGlobal
