
Microsoft Visual Studio Solution File, Format Version 12.00
# Visual Studio Version 17
VisualStudioVersion = 17.14.36414.22 d17.14
MinimumVisualStudioVersion = 10.0.40219.1
Project("{FAE04EC0-301F-11D3-BF4B-00C04F79EFBC}") = "Live Chat Application", "Live Chat Application.csproj", "{91846643-53D2-4F75-879D-9D037CE9AA22}"
EndProject
Global
	GlobalSection(SolutionConfigurationPlatforms) = preSolution
		Debug|Any CPU = Debug|Any CPU
		Release|Any CPU = Release|Any CPU
	EndGlobalSection
	GlobalSection(ProjectConfigurationPlatforms) = postSolution
		{91846643-53D2-4F75-879D-9D037CE9AA22}.Debug|Any CPU.ActiveCfg = Debug|Any CPU
		{91846643-53D2-4F75-879D-9D037CE9AA22}.Debug|Any CPU.Build.0 = Debug|Any CPU
		{91846643-53D2-4F75-879D-9D037CE9AA22}.Release|Any CPU.ActiveCfg = Release|Any CPU
		{91846643-53D2-4F75-879D-9D037CE9AA22}.Release|Any CPU.Build.0 = Release|Any CPU
	EndGlobalSection
	GlobalSection(SolutionProperties) = preSolution
		HideSolutionNode = FALSE
	EndGlobalSection
	GlobalSection(ExtensibilityGlobals) = postSolution
		SolutionGuid = {03FDDAD1-5E29-4CC2-8599-5A6583132243}
	EndGlobalSection
EndGlobal
