
Microsoft Visual Studio Solution File, Format Version 12.00
# Visual Studio Version 17
VisualStudioVersion = 17.14.36414.22 d17.14
MinimumVisualStudioVersion = 10.0.40219.1
Project("{FAE04EC0-301F-11D3-BF4B-00C04F79EFBC}") = "FindMajorityElement", "FindMajorityElement.csproj", "{4B3C9313-3D3F-439D-A601-49C1988CF2A8}"
EndProject
Global
	GlobalSection(SolutionConfigurationPlatforms) = preSolution
		Debug|Any CPU = Debug|Any CPU
		Release|Any CPU = Release|Any CPU
	EndGlobalSection
	GlobalSection(ProjectConfigurationPlatforms) = postSolution
		{4B3C9313-3D3F-439D-A601-49C1988CF2A8}.Debug|Any CPU.ActiveCfg = Debug|Any CPU
		{4B3C9313-3D3F-439D-A601-49C1988CF2A8}.Debug|Any CPU.Build.0 = Debug|Any CPU
		{4B3C9313-3D3F-439D-A601-49C1988CF2A8}.Release|Any CPU.ActiveCfg = Release|Any CPU
		{4B3C9313-3D3F-439D-A601-49C1988CF2A8}.Release|Any CPU.Build.0 = Release|Any CPU
	EndGlobalSection
	GlobalSection(SolutionProperties) = preSolution
		HideSolutionNode = FALSE
	EndGlobalSection
	GlobalSection(ExtensibilityGlobals) = postSolution
		SolutionGuid = {A8506CC2-1ED5-4EE9-AA39-F706CBAE8485}
	EndGlobalSection
EndGlobal
