
Microsoft Visual Studio Solution File, Format Version 12.00
# Visual Studio Version 17
VisualStudioVersion = 17.14.36414.22 d17.14
MinimumVisualStudioVersion = 10.0.40219.1
Project("{FAE04EC0-301F-11D3-BF4B-00C04F79EFBC}") = "Qwerty", "Qwerty.csproj", "{FC882123-5A1D-4BEF-BABC-FA0564D6A25A}"
EndProject
Global
	GlobalSection(SolutionConfigurationPlatforms) = preSolution
		Debug|Any CPU = Debug|Any CPU
		Release|Any CPU = Release|Any CPU
	EndGlobalSection
	GlobalSection(ProjectConfigurationPlatforms) = postSolution
		{FC882123-5A1D-4BEF-BABC-FA0564D6A25A}.Debug|Any CPU.ActiveCfg = Debug|Any CPU
		{FC882123-5A1D-4BEF-BABC-FA0564D6A25A}.Debug|Any CPU.Build.0 = Debug|Any CPU
		{FC882123-5A1D-4BEF-BABC-FA0564D6A25A}.Release|Any CPU.ActiveCfg = Release|Any CPU
		{FC882123-5A1D-4BEF-BABC-FA0564D6A25A}.Release|Any CPU.Build.0 = Release|Any CPU
	EndGlobalSection
	GlobalSection(SolutionProperties) = preSolution
		HideSolutionNode = FALSE
	EndGlobalSection
	GlobalSection(ExtensibilityGlobals) = postSolution
		SolutionGuid = {5090C9B5-5CF6-43A4-8914-3E3A985681F0}
	EndGlobalSection
EndGlobal
