
Microsoft Visual Studio Solution File, Format Version 12.00
# Visual Studio Version 17
VisualStudioVersion = 17.14.36414.22 d17.14
MinimumVisualStudioVersion = 10.0.40219.1
Project("{FAE04EC0-301F-11D3-BF4B-00C04F79EFBC}") = "Directory Size Calculation", "Directory Size Calculation.csproj", "{EAB595F9-C6E9-4A9A-8F82-C008BA39298E}"
EndProject
Global
	GlobalSection(SolutionConfigurationPlatforms) = preSolution
		Debug|Any CPU = Debug|Any CPU
		Release|Any CPU = Release|Any CPU
	EndGlobalSection
	GlobalSection(ProjectConfigurationPlatforms) = postSolution
		{EAB595F9-C6E9-4A9A-8F82-C008BA39298E}.Debug|Any CPU.ActiveCfg = Debug|Any CPU
		{EAB595F9-C6E9-4A9A-8F82-C008BA39298E}.Debug|Any CPU.Build.0 = Debug|Any CPU
		{EAB595F9-C6E9-4A9A-8F82-C008BA39298E}.Release|Any CPU.ActiveCfg = Release|Any CPU
		{EAB595F9-C6E9-4A9A-8F82-C008BA39298E}.Release|Any CPU.Build.0 = Release|Any CPU
	EndGlobalSection
	GlobalSection(SolutionProperties) = preSolution
		HideSolutionNode = FALSE
	EndGlobalSection
	GlobalSection(ExtensibilityGlobals) = postSolution
		SolutionGuid = {F757AF5F-DEF1-4C1D-9182-167CE5CB9BEE}
	EndGlobalSection
EndGlobal
