
Microsoft Visual Studio Solution File, Format Version 12.00
# Visual Studio Version 17
VisualStudioVersion = 17.14.36414.22 d17.14
MinimumVisualStudioVersion = 10.0.40219.1
Project("{FAE04EC0-301F-11D3-BF4B-00C04F79EFBC}") = "Rerange Alternatly", "Rerange Alternatly.csproj", "{536A6794-7B6D-4695-95A0-C6DF5398AF41}"
EndProject
Global
	GlobalSection(SolutionConfigurationPlatforms) = preSolution
		Debug|Any CPU = Debug|Any CPU
		Release|Any CPU = Release|Any CPU
	EndGlobalSection
	GlobalSection(ProjectConfigurationPlatforms) = postSolution
		{536A6794-7B6D-4695-95A0-C6DF5398AF41}.Debug|Any CPU.ActiveCfg = Debug|Any CPU
		{536A6794-7B6D-4695-95A0-C6DF5398AF41}.Debug|Any CPU.Build.0 = Debug|Any CPU
		{536A6794-7B6D-4695-95A0-C6DF5398AF41}.Release|Any CPU.ActiveCfg = Release|Any CPU
		{536A6794-7B6D-4695-95A0-C6DF5398AF41}.Release|Any CPU.Build.0 = Release|Any CPU
	EndGlobalSection
	GlobalSection(SolutionProperties) = preSolution
		HideSolutionNode = FALSE
	EndGlobalSection
	GlobalSection(ExtensibilityGlobals) = postSolution
		SolutionGuid = {2C60FD2B-FDF8-4CEE-8B24-4BAC29415A4B}
	EndGlobalSection
EndGlobal
