
Microsoft Visual Studio Solution File, Format Version 12.00
# Visual Studio Version 17
VisualStudioVersion = 17.14.36414.22 d17.14
MinimumVisualStudioVersion = 10.0.40219.1
Project("{FAE04EC0-301F-11D3-BF4B-00C04F79EFBC}") = "DynamicWeatherUpdate", "DynamicWeatherUpdate.csproj", "{C062A170-9561-4E4E-9F94-400AB4443899}"
EndProject
Global
	GlobalSection(SolutionConfigurationPlatforms) = preSolution
		Debug|Any CPU = Debug|Any CPU
		Release|Any CPU = Release|Any CPU
	EndGlobalSection
	GlobalSection(ProjectConfigurationPlatforms) = postSolution
		{C062A170-9561-4E4E-9F94-400AB4443899}.Debug|Any CPU.ActiveCfg = Debug|Any CPU
		{C062A170-9561-4E4E-9F94-400AB4443899}.Debug|Any CPU.Build.0 = Debug|Any CPU
		{C062A170-9561-4E4E-9F94-400AB4443899}.Release|Any CPU.ActiveCfg = Release|Any CPU
		{C062A170-9561-4E4E-9F94-400AB4443899}.Release|Any CPU.Build.0 = Release|Any CPU
	EndGlobalSection
	GlobalSection(SolutionProperties) = preSolution
		HideSolutionNode = FALSE
	EndGlobalSection
	GlobalSection(ExtensibilityGlobals) = postSolution
		SolutionGuid = {2E22E1EF-8388-4F8C-A652-01FF92887837}
	EndGlobalSection
EndGlobal
