
Microsoft Visual Studio Solution File, Format Version 12.00
# Visual Studio Version 17
VisualStudioVersion = 17.14.36414.22 d17.14
MinimumVisualStudioVersion = 10.0.40219.1
Project("{FAE04EC0-301F-11D3-BF4B-00C04F79EFBC}") = "Rearrange Even&Odd", "Rearrange Even&Odd.csproj", "{C0CD78E8-56E2-4EED-8801-13DBD13B5FC9}"
EndProject
Global
	GlobalSection(SolutionConfigurationPlatforms) = preSolution
		Debug|Any CPU = Debug|Any CPU
		Release|Any CPU = Release|Any CPU
	EndGlobalSection
	GlobalSection(ProjectConfigurationPlatforms) = postSolution
		{C0CD78E8-56E2-4EED-8801-13DBD13B5FC9}.Debug|Any CPU.ActiveCfg = Debug|Any CPU
		{C0CD78E8-56E2-4EED-8801-13DBD13B5FC9}.Debug|Any CPU.Build.0 = Debug|Any CPU
		{C0CD78E8-56E2-4EED-8801-13DBD13B5FC9}.Release|Any CPU.ActiveCfg = Release|Any CPU
		{C0CD78E8-56E2-4EED-8801-13DBD13B5FC9}.Release|Any CPU.Build.0 = Release|Any CPU
	EndGlobalSection
	GlobalSection(SolutionProperties) = preSolution
		HideSolutionNode = FALSE
	EndGlobalSection
	GlobalSection(ExtensibilityGlobals) = postSolution
		SolutionGuid = {D266838A-9521-4ED6-9E47-6FE00AD0245F}
	EndGlobalSection
EndGlobal
