
Microsoft Visual Studio Solution File, Format Version 12.00
# Visual Studio Version 17
VisualStudioVersion = 17.14.36414.22 d17.14
MinimumVisualStudioVersion = 10.0.40219.1
Project("{FAE04EC0-301F-11D3-BF4B-00C04F79EFBC}") = "Password Strength Checker", "Password Strength Checker.csproj", "{68DC5D3E-4BA5-4E9B-9EF1-A5638A70E859}"
EndProject
Global
	GlobalSection(SolutionConfigurationPlatforms) = preSolution
		Debug|Any CPU = Debug|Any CPU
		Release|Any CPU = Release|Any CPU
	EndGlobalSection
	GlobalSection(ProjectConfigurationPlatforms) = postSolution
		{68DC5D3E-4BA5-4E9B-9EF1-A5638A70E859}.Debug|Any CPU.ActiveCfg = Debug|Any CPU
		{68DC5D3E-4BA5-4E9B-9EF1-A5638A70E859}.Debug|Any CPU.Build.0 = Debug|Any CPU
		{68DC5D3E-4BA5-4E9B-9EF1-A5638A70E859}.Release|Any CPU.ActiveCfg = Release|Any CPU
		{68DC5D3E-4BA5-4E9B-9EF1-A5638A70E859}.Release|Any CPU.Build.0 = Release|Any CPU
	EndGlobalSection
	GlobalSection(SolutionProperties) = preSolution
		HideSolutionNode = FALSE
	EndGlobalSection
	GlobalSection(ExtensibilityGlobals) = postSolution
		SolutionGuid = {5DA542D4-8E27-4B9E-BCCD-BED69225FBE2}
	EndGlobalSection
EndGlobal
