
Microsoft Visual Studio Solution File, Format Version 12.00
# Visual Studio Version 17
VisualStudioVersion = 17.14.36414.22 d17.14
MinimumVisualStudioVersion = 10.0.40219.1
Project("{8BC9CEB8-8B4A-11D0-8D11-00A0C91BC942}") = "theLostCow", "theLostCow.vcxproj", "{226937CF-4CD0-4F4E-BB95-18CEAFCAEACF}"
EndProject
Global
	GlobalSection(SolutionConfigurationPlatforms) = preSolution
		Debug|x64 = Debug|x64
		Debug|x86 = Debug|x86
		Release|x64 = Release|x64
		Release|x86 = Release|x86
	EndGlobalSection
	GlobalSection(ProjectConfigurationPlatforms) = postSolution
		{226937CF-4CD0-4F4E-BB95-18CEAFCAEACF}.Debug|x64.ActiveCfg = Debug|x64
		{226937CF-4CD0-4F4E-BB95-18CEAFCAEACF}.Debug|x64.Build.0 = Debug|x64
		{226937CF-4CD0-4F4E-BB95-18CEAFCAEACF}.Debug|x86.ActiveCfg = Debug|Win32
		{226937CF-4CD0-4F4E-BB95-18CEAFCAEACF}.Debug|x86.Build.0 = Debug|Win32
		{226937CF-4CD0-4F4E-BB95-18CEAFCAEACF}.Release|x64.ActiveCfg = Release|x64
		{226937CF-4CD0-4F4E-BB95-18CEAFCAEACF}.Release|x64.Build.0 = Release|x64
		{226937CF-4CD0-4F4E-BB95-18CEAFCAEACF}.Release|x86.ActiveCfg = Release|Win32
		{226937CF-4CD0-4F4E-BB95-18CEAFCAEACF}.Release|x86.Build.0 = Release|Win32
	EndGlobalSection
	GlobalSection(SolutionProperties) = preSolution
		HideSolutionNode = FALSE
	EndGlobalSection
	GlobalSection(ExtensibilityGlobals) = postSolution
		SolutionGuid = {F2B9711B-5798-45F7-8F64-5516C9750263}
	EndGlobalSection
EndGlobal
