
Microsoft Visual Studio Solution File, Format Version 12.00
# Visual Studio Version 17
VisualStudioVersion = 17.14.36414.22 d17.14
MinimumVisualStudioVersion = 10.0.40219.1
Project("{FAE04EC0-301F-11D3-BF4B-00C04F79EFBC}") = "Reverce String", "Reverce String.csproj", "{1F271D03-E3BF-4D92-81F2-08810BED0B7B}"
EndProject
Global
	GlobalSection(SolutionConfigurationPlatforms) = preSolution
		Debug|Any CPU = Debug|Any CPU
		Release|Any CPU = Release|Any CPU
	EndGlobalSection
	GlobalSection(ProjectConfigurationPlatforms) = postSolution
		{1F271D03-E3BF-4D92-81F2-08810BED0B7B}.Debug|Any CPU.ActiveCfg = Debug|Any CPU
		{1F271D03-E3BF-4D92-81F2-08810BED0B7B}.Debug|Any CPU.Build.0 = Debug|Any CPU
		{1F271D03-E3BF-4D92-81F2-08810BED0B7B}.Release|Any CPU.ActiveCfg = Release|Any CPU
		{1F271D03-E3BF-4D92-81F2-08810BED0B7B}.Release|Any CPU.Build.0 = Release|Any CPU
	EndGlobalSection
	GlobalSection(SolutionProperties) = preSolution
		HideSolutionNode = FALSE
	EndGlobalSection
	GlobalSection(ExtensibilityGlobals) = postSolution
		SolutionGuid = {125E1ADC-6AB7-4766-9C46-A412F7606FCD}
	EndGlobalSection
EndGlobal
