
Microsoft Visual Studio Solution File, Format Version 12.00
# Visual Studio Version 17
VisualStudioVersion = 17.14.36414.22 d17.14
MinimumVisualStudioVersion = 10.0.40219.1
Project("{FAE04EC0-301F-11D3-BF4B-00C04F79EFBC}") = "Dynamic Skill Matching", "Dynamic Skill Matching.csproj", "{52847992-5306-4364-BC61-5CE7FB2D643D}"
EndProject
Global
	GlobalSection(SolutionConfigurationPlatforms) = preSolution
		Debug|Any CPU = Debug|Any CPU
		Release|Any CPU = Release|Any CPU
	EndGlobalSection
	GlobalSection(ProjectConfigurationPlatforms) = postSolution
		{52847992-5306-4364-BC61-5CE7FB2D643D}.Debug|Any CPU.ActiveCfg = Debug|Any CPU
		{52847992-5306-4364-BC61-5CE7FB2D643D}.Debug|Any CPU.Build.0 = Debug|Any CPU
		{52847992-5306-4364-BC61-5CE7FB2D643D}.Release|Any CPU.ActiveCfg = Release|Any CPU
		{52847992-5306-4364-BC61-5CE7FB2D643D}.Release|Any CPU.Build.0 = Release|Any CPU
	EndGlobalSection
	GlobalSection(SolutionProperties) = preSolution
		HideSolutionNode = FALSE
	EndGlobalSection
	GlobalSection(ExtensibilityGlobals) = postSolution
		SolutionGuid = {A59265C2-CC54-46BA-A80E-F93FA9E61A3A}
	EndGlobalSection
EndGlobal
