
Microsoft Visual Studio Solution File, Format Version 12.00
# Visual Studio Version 17
VisualStudioVersion = 17.14.36414.22 d17.14
MinimumVisualStudioVersion = 10.0.40219.1
Project("{FAE04EC0-301F-11D3-BF4B-00C04F79EFBC}") = "Category Hierarchy", "Category Hierarchy.csproj", "{77CE1EC9-959F-45AB-916E-5E635E52EBB2}"
EndProject
Global
	GlobalSection(SolutionConfigurationPlatforms) = preSolution
		Debug|Any CPU = Debug|Any CPU
		Release|Any CPU = Release|Any CPU
	EndGlobalSection
	GlobalSection(ProjectConfigurationPlatforms) = postSolution
		{77CE1EC9-959F-45AB-916E-5E635E52EBB2}.Debug|Any CPU.ActiveCfg = Debug|Any CPU
		{77CE1EC9-959F-45AB-916E-5E635E52EBB2}.Debug|Any CPU.Build.0 = Debug|Any CPU
		{77CE1EC9-959F-45AB-916E-5E635E52EBB2}.Release|Any CPU.ActiveCfg = Release|Any CPU
		{77CE1EC9-959F-45AB-916E-5E635E52EBB2}.Release|Any CPU.Build.0 = Release|Any CPU
	EndGlobalSection
	GlobalSection(SolutionProperties) = preSolution
		HideSolutionNode = FALSE
	EndGlobalSection
	GlobalSection(ExtensibilityGlobals) = postSolution
		SolutionGuid = {F130E80E-4DF8-4CE7-8203-E8D1FF52A98A}
	EndGlobalSection
EndGlobal
